
Microsoft Visual Studio Solution File, Format Version 12.00
# Visual Studio Version 16
VisualStudioVersion = 16.0.30204.135
MinimumVisualStudioVersion = 10.0.40219.1
Project("{9A19103F-16F7-4668-BE54-9A1E7A4F7556}") = "mapledotnet", "mapledotnet\mapledotnet.csproj", "{FB92E88C-F7DE-426C-99A2-FBBEE36970FE}"
EndProject
Global
	GlobalSection(SolutionConfigurationPlatforms) = preSolution
		Debug|Any CPU = Debug|Any CPU
		Release|Any CPU = Release|Any CPU
	EndGlobalSection
	GlobalSection(ProjectConfigurationPlatforms) = postSolution
		{FB92E88C-F7DE-426C-99A2-FBBEE36970FE}.Debug|Any CPU.ActiveCfg = Debug|Any CPU
		{FB92E88C-F7DE-426C-99A2-FBBEE36970FE}.Debug|Any CPU.Build.0 = Debug|Any CPU
		{FB92E88C-F7DE-426C-99A2-FBBEE36970FE}.Release|Any CPU.ActiveCfg = Release|Any CPU
		{FB92E88C-F7DE-426C-99A2-FBBEE36970FE}.Release|Any CPU.Build.0 = Release|Any CPU
	EndGlobalSection
	GlobalSection(SolutionProperties) = preSolution
		HideSolutionNode = FALSE
	EndGlobalSection
	GlobalSection(ExtensibilityGlobals) = postSolution
		SolutionGuid = {5F5FAD95-67FB-469B-80CF-0E6AD92B3AB9}
	EndGlobalSection
EndGlobal
