
Microsoft Visual Studio Solution File, Format Version 12.00
# Visual Studio Version 16
VisualStudioVersion = 16.0.28803.514
MinimumVisualStudioVersion = 10.0.40219.1
Project("{9A19103F-16F7-4668-BE54-9A1E7A4F7556}") = "ConsoleApp1", "ConsoleApp1\ConsoleApp1.csproj", "{51DF7E3F-62DD-4A28-B725-7333562778CC}"
EndProject
Project("{9A19103F-16F7-4668-BE54-9A1E7A4F7556}") = "MulVersions", "MulVersions\MulVersions.csproj", "{87172DDD-E8DD-4B7A-A7FD-BFA670A38949}"
EndProject
Project("{9A19103F-16F7-4668-BE54-9A1E7A4F7556}") = "MM", "MM\MM.csproj", "{12C2CB20-0564-46D3-A875-C5BFCB17DE65}"
EndProject
Project("{9A19103F-16F7-4668-BE54-9A1E7A4F7556}") = "UnitTestProject_Test", "UnitTestProject_Test\UnitTestProject_Test.csproj", "{EDA96876-B9CA-4F8E-B98D-0ECCF687B4F2}"
EndProject
Project("{9A19103F-16F7-4668-BE54-9A1E7A4F7556}") = "HostExample", "HostExample\HostExample.csproj", "{C145A637-FC9E-4C4B-B9A6-3ACCA6FF3D46}"
EndProject
Project("{FAE04EC0-301F-11D3-BF4B-00C04F79EFBC}") = "iTextSharpSign", "Esignature_src\iTextSharpSign.csproj", "{43F20265-F369-4B21-96E5-83A5AE2E4486}"
EndProject
Global
	GlobalSection(SolutionConfigurationPlatforms) = preSolution
		Debug|Any CPU = Debug|Any CPU
		Release|Any CPU = Release|Any CPU
	EndGlobalSection
	GlobalSection(ProjectConfigurationPlatforms) = postSolution
		{51DF7E3F-62DD-4A28-B725-7333562778CC}.Debug|Any CPU.ActiveCfg = Debug|Any CPU
		{51DF7E3F-62DD-4A28-B725-7333562778CC}.Debug|Any CPU.Build.0 = Debug|Any CPU
		{51DF7E3F-62DD-4A28-B725-7333562778CC}.Release|Any CPU.ActiveCfg = Release|Any CPU
		{51DF7E3F-62DD-4A28-B725-7333562778CC}.Release|Any CPU.Build.0 = Release|Any CPU
		{87172DDD-E8DD-4B7A-A7FD-BFA670A38949}.Debug|Any CPU.ActiveCfg = Debug|Any CPU
		{87172DDD-E8DD-4B7A-A7FD-BFA670A38949}.Debug|Any CPU.Build.0 = Debug|Any CPU
		{87172DDD-E8DD-4B7A-A7FD-BFA670A38949}.Release|Any CPU.ActiveCfg = Release|Any CPU
		{87172DDD-E8DD-4B7A-A7FD-BFA670A38949}.Release|Any CPU.Build.0 = Release|Any CPU
		{12C2CB20-0564-46D3-A875-C5BFCB17DE65}.Debug|Any CPU.ActiveCfg = Debug|Any CPU
		{12C2CB20-0564-46D3-A875-C5BFCB17DE65}.Debug|Any CPU.Build.0 = Debug|Any CPU
		{12C2CB20-0564-46D3-A875-C5BFCB17DE65}.Release|Any CPU.ActiveCfg = Release|Any CPU
		{12C2CB20-0564-46D3-A875-C5BFCB17DE65}.Release|Any CPU.Build.0 = Release|Any CPU
		{EDA96876-B9CA-4F8E-B98D-0ECCF687B4F2}.Debug|Any CPU.ActiveCfg = Debug|Any CPU
		{EDA96876-B9CA-4F8E-B98D-0ECCF687B4F2}.Debug|Any CPU.Build.0 = Debug|Any CPU
		{EDA96876-B9CA-4F8E-B98D-0ECCF687B4F2}.Release|Any CPU.ActiveCfg = Release|Any CPU
		{EDA96876-B9CA-4F8E-B98D-0ECCF687B4F2}.Release|Any CPU.Build.0 = Release|Any CPU
		{C145A637-FC9E-4C4B-B9A6-3ACCA6FF3D46}.Debug|Any CPU.ActiveCfg = Debug|Any CPU
		{C145A637-FC9E-4C4B-B9A6-3ACCA6FF3D46}.Debug|Any CPU.Build.0 = Debug|Any CPU
		{C145A637-FC9E-4C4B-B9A6-3ACCA6FF3D46}.Release|Any CPU.ActiveCfg = Release|Any CPU
		{C145A637-FC9E-4C4B-B9A6-3ACCA6FF3D46}.Release|Any CPU.Build.0 = Release|Any CPU
		{43F20265-F369-4B21-96E5-83A5AE2E4486}.Debug|Any CPU.ActiveCfg = Debug|Any CPU
		{43F20265-F369-4B21-96E5-83A5AE2E4486}.Debug|Any CPU.Build.0 = Debug|Any CPU
		{43F20265-F369-4B21-96E5-83A5AE2E4486}.Release|Any CPU.ActiveCfg = Release|Any CPU
		{43F20265-F369-4B21-96E5-83A5AE2E4486}.Release|Any CPU.Build.0 = Release|Any CPU
	EndGlobalSection
	GlobalSection(SolutionProperties) = preSolution
		HideSolutionNode = FALSE
	EndGlobalSection
	GlobalSection(ExtensibilityGlobals) = postSolution
		SolutionGuid = {33DD1EA7-4340-4397-93A6-5B78F7C7FD29}
	EndGlobalSection
EndGlobal
